
Microsoft Visual Studio Solution File, Format Version 12.00
# Visual Studio 15
VisualStudioVersion = 15.0.27004.2005
MinimumVisualStudioVersion = 10.0.40219.1
Project("{FAE04EC0-301F-11D3-BF4B-00C04F79EFBC}") = "SelfHostWebApi", "SelfHostWebApi\SelfHostWebApi.csproj", "{62CD9503-69D9-43BE-9286-1D3BD18B1660}"
EndProject
Global
	GlobalSection(SolutionConfigurationPlatforms) = preSolution
		Debug|Any CPU = Debug|Any CPU
		Release|Any CPU = Release|Any CPU
	EndGlobalSection
	GlobalSection(ProjectConfigurationPlatforms) = postSolution
		{62CD9503-69D9-43BE-9286-1D3BD18B1660}.Debug|Any CPU.ActiveCfg = Debug|Any CPU
		{62CD9503-69D9-43BE-9286-1D3BD18B1660}.Debug|Any CPU.Build.0 = Debug|Any CPU
		{62CD9503-69D9-43BE-9286-1D3BD18B1660}.Release|Any CPU.ActiveCfg = Release|Any CPU
		{62CD9503-69D9-43BE-9286-1D3BD18B1660}.Release|Any CPU.Build.0 = Release|Any CPU
	EndGlobalSection
	GlobalSection(SolutionProperties) = preSolution
		HideSolutionNode = FALSE
	EndGlobalSection
	GlobalSection(ExtensibilityGlobals) = postSolution
		SolutionGuid = {7157BC3A-22D1-4E6B-8307-4BBC2648753C}
	EndGlobalSection
EndGlobal
